
Microsoft Visual Studio Solution File, Format Version 12.00
# Visual Studio 15
VisualStudioVersion = 15.0.26124.0
MinimumVisualStudioVersion = 15.0.26124.0
Project("{2150E333-8FDC-42A3-9474-1A3956D46DE8}") = "src", "src", "{4DD11030-A551-463A-A5F8-86B480B39081}"
EndProject
Project("{FAE04EC0-301F-11D3-BF4B-00C04F79EFBC}") = "Chess.App", "src\Chess.App\Chess.App.csproj", "{C9EDC9B4-257B-455B-97FB-1EC3D135C56C}"
EndProject
Project("{FAE04EC0-301F-11D3-BF4B-00C04F79EFBC}") = "Chess.Lib", "src\Chess.Lib\Chess.Lib.csproj", "{13D495AA-FE61-4BCB-891A-AF12DE4611E7}"
EndProject
Project("{2150E333-8FDC-42A3-9474-1A3956D46DE8}") = "tests", "tests", "{C26E3F3B-E12E-4BE4-AAD0-B9E9ED82490C}"
EndProject
Project("{FAE04EC0-301F-11D3-BF4B-00C04F79EFBC}") = "Chess.Lib.Tests", "tests\Chess.Lib.Tests\Chess.Lib.Tests.csproj", "{79F83654-A254-435D-B33F-0CD81E3DDDC6}"
EndProject
Global
	GlobalSection(SolutionConfigurationPlatforms) = preSolution
		Debug|Any CPU = Debug|Any CPU
		Debug|x64 = Debug|x64
		Debug|x86 = Debug|x86
		Release|Any CPU = Release|Any CPU
		Release|x64 = Release|x64
		Release|x86 = Release|x86
	EndGlobalSection
	GlobalSection(SolutionProperties) = preSolution
		HideSolutionNode = FALSE
	EndGlobalSection
	GlobalSection(ProjectConfigurationPlatforms) = postSolution
		{C9EDC9B4-257B-455B-97FB-1EC3D135C56C}.Debug|Any CPU.ActiveCfg = Debug|Any CPU
		{C9EDC9B4-257B-455B-97FB-1EC3D135C56C}.Debug|Any CPU.Build.0 = Debug|Any CPU
		{C9EDC9B4-257B-455B-97FB-1EC3D135C56C}.Debug|x64.ActiveCfg = Debug|Any CPU
		{C9EDC9B4-257B-455B-97FB-1EC3D135C56C}.Debug|x64.Build.0 = Debug|Any CPU
		{C9EDC9B4-257B-455B-97FB-1EC3D135C56C}.Debug|x86.ActiveCfg = Debug|Any CPU
		{C9EDC9B4-257B-455B-97FB-1EC3D135C56C}.Debug|x86.Build.0 = Debug|Any CPU
		{C9EDC9B4-257B-455B-97FB-1EC3D135C56C}.Release|Any CPU.ActiveCfg = Release|Any CPU
		{C9EDC9B4-257B-455B-97FB-1EC3D135C56C}.Release|Any CPU.Build.0 = Release|Any CPU
		{C9EDC9B4-257B-455B-97FB-1EC3D135C56C}.Release|x64.ActiveCfg = Release|Any CPU
		{C9EDC9B4-257B-455B-97FB-1EC3D135C56C}.Release|x64.Build.0 = Release|Any CPU
		{C9EDC9B4-257B-455B-97FB-1EC3D135C56C}.Release|x86.ActiveCfg = Release|Any CPU
		{C9EDC9B4-257B-455B-97FB-1EC3D135C56C}.Release|x86.Build.0 = Release|Any CPU
		{13D495AA-FE61-4BCB-891A-AF12DE4611E7}.Debug|Any CPU.ActiveCfg = Debug|Any CPU
		{13D495AA-FE61-4BCB-891A-AF12DE4611E7}.Debug|Any CPU.Build.0 = Debug|Any CPU
		{13D495AA-FE61-4BCB-891A-AF12DE4611E7}.Debug|x64.ActiveCfg = Debug|Any CPU
		{13D495AA-FE61-4BCB-891A-AF12DE4611E7}.Debug|x64.Build.0 = Debug|Any CPU
		{13D495AA-FE61-4BCB-891A-AF12DE4611E7}.Debug|x86.ActiveCfg = Debug|Any CPU
		{13D495AA-FE61-4BCB-891A-AF12DE4611E7}.Debug|x86.Build.0 = Debug|Any CPU
		{13D495AA-FE61-4BCB-891A-AF12DE4611E7}.Release|Any CPU.ActiveCfg = Release|Any CPU
		{13D495AA-FE61-4BCB-891A-AF12DE4611E7}.Release|Any CPU.Build.0 = Release|Any CPU
		{13D495AA-FE61-4BCB-891A-AF12DE4611E7}.Release|x64.ActiveCfg = Release|Any CPU
		{13D495AA-FE61-4BCB-891A-AF12DE4611E7}.Release|x64.Build.0 = Release|Any CPU
		{13D495AA-FE61-4BCB-891A-AF12DE4611E7}.Release|x86.ActiveCfg = Release|Any CPU
		{13D495AA-FE61-4BCB-891A-AF12DE4611E7}.Release|x86.Build.0 = Release|Any CPU
		{79F83654-A254-435D-B33F-0CD81E3DDDC6}.Debug|Any CPU.ActiveCfg = Debug|Any CPU
		{79F83654-A254-435D-B33F-0CD81E3DDDC6}.Debug|Any CPU.Build.0 = Debug|Any CPU
		{79F83654-A254-435D-B33F-0CD81E3DDDC6}.Debug|x64.ActiveCfg = Debug|Any CPU
		{79F83654-A254-435D-B33F-0CD81E3DDDC6}.Debug|x64.Build.0 = Debug|Any CPU
		{79F83654-A254-435D-B33F-0CD81E3DDDC6}.Debug|x86.ActiveCfg = Debug|Any CPU
		{79F83654-A254-435D-B33F-0CD81E3DDDC6}.Debug|x86.Build.0 = Debug|Any CPU
		{79F83654-A254-435D-B33F-0CD81E3DDDC6}.Release|Any CPU.ActiveCfg = Release|Any CPU
		{79F83654-A254-435D-B33F-0CD81E3DDDC6}.Release|Any CPU.Build.0 = Release|Any CPU
		{79F83654-A254-435D-B33F-0CD81E3DDDC6}.Release|x64.ActiveCfg = Release|Any CPU
		{79F83654-A254-435D-B33F-0CD81E3DDDC6}.Release|x64.Build.0 = Release|Any CPU
		{79F83654-A254-435D-B33F-0CD81E3DDDC6}.Release|x86.ActiveCfg = Release|Any CPU
		{79F83654-A254-435D-B33F-0CD81E3DDDC6}.Release|x86.Build.0 = Release|Any CPU
	EndGlobalSection
	GlobalSection(NestedProjects) = preSolution
		{C9EDC9B4-257B-455B-97FB-1EC3D135C56C} = {4DD11030-A551-463A-A5F8-86B480B39081}
		{13D495AA-FE61-4BCB-891A-AF12DE4611E7} = {4DD11030-A551-463A-A5F8-86B480B39081}
		{79F83654-A254-435D-B33F-0CD81E3DDDC6} = {C26E3F3B-E12E-4BE4-AAD0-B9E9ED82490C}
	EndGlobalSection
EndGlobal
